<?xml version="1.0" encoding="utf-8"?>
<Project ToolsVersion="4.0" xmlns="http://schemas.microsoft.com/developer/msbuild/2003">
  <ItemGroup>
    <ClInclude Include="Main.h" />
    <ClInclude Include="stdafx.h" />
    <ClInclude Include="Demo\EditorMain.h" />
    <ClInclude Include="Island11Demo.h" />
  </ItemGroup>
  <ItemGroup>
    <ClCompile Include="Main.cpp" />
    <ClCompile Include="Demo\EditorMain.cpp" />
    <ClCompile Include="Island11Demo.cpp" />
  </ItemGroup>
</Project>