<?xml version="1.0" encoding="utf-8"?>
<Project ToolsVersion="4.0" xmlns="http://schemas.microsoft.com/developer/msbuild/2003">
  <ItemGroup>
    <ClCompile Include="Renders\Texture.cpp">
      <Filter>Renders</Filter>
    </ClCompile>
    <ClCompile Include="Renders\Context.cpp">
      <Filter>Renders</Filter>
    </ClCompile>
    <ClCompile Include="Renders\Shader.cpp">
      <Filter>Renders</Filter>
    </ClCompile>
    <ClCompile Include="Systems\Mouse.cpp">
      <Filter>Systems</Filter>
    </ClCompile>
    <ClCompile Include="Systems\Time.cpp">
      <Filter>Systems</Filter>
    </ClCompile>
    <ClCompile Include="Systems\Window.cpp">
      <Filter>Systems</Filter>
    </ClCompile>
    <ClCompile Include="Systems\D3D.cpp">
      <Filter>Systems</Filter>
    </ClCompile>
    <ClCompile Include="Systems\Gui.cpp">
      <Filter>Systems</Filter>
    </ClCompile>
    <ClCompile Include="Systems\Keyboard.cpp">
      <Filter>Systems</Filter>
    </ClCompile>
    <ClCompile Include="Utilities\String.cpp">
      <Filter>Utilities</Filter>
    </ClCompile>
    <ClCompile Include="Utilities\Xml.cpp">
      <Filter>Utilities</Filter>
    </ClCompile>
    <ClCompile Include="Utilities\BinaryFile.cpp">
      <Filter>Utilities</Filter>
    </ClCompile>
    <ClCompile Include="Utilities\Math.cpp">
      <Filter>Utilities</Filter>
    </ClCompile>
    <ClCompile Include="Utilities\Path.cpp">
      <Filter>Utilities</Filter>
    </ClCompile>
    <ClCompile Include="Viewer\Orthographic.cpp">
      <Filter>Viewer</Filter>
    </ClCompile>
    <ClCompile Include="Viewer\Perspective.cpp">
      <Filter>Viewer</Filter>
    </ClCompile>
    <ClCompile Include="Viewer\Projection.cpp">
      <Filter>Viewer</Filter>
    </ClCompile>
    <ClCompile Include="Viewer\Viewport.cpp">
      <Filter>Viewer</Filter>
    </ClCompile>
    <ClCompile Include="Viewer\Camera.cpp">
      <Filter>Viewer</Filter>
    </ClCompile>
    <ClCompile Include="Viewer\Freedom.cpp">
      <Filter>Viewer</Filter>
    </ClCompile>
    <ClCompile Include="Viewer\Orbit.cpp" />
    <ClCompile Include="Mesh\Mesh.cpp" />
    <ClCompile Include="Mesh\MeshQuad.cpp" />
    <ClCompile Include="Mesh\MeshGrid.cpp" />
    <ClCompile Include="Mesh\MeshCylinder.cpp" />
    <ClCompile Include="Mesh\MeshSphere.cpp" />
    <ClCompile Include="Renders\PerFrame.cpp" />
    <ClCompile Include="Renders\Transform.cpp" />
    <ClCompile Include="Renders\Renderer.cpp" />
    <ClCompile Include="Renders\Material.cpp" />
    <ClCompile Include="Mesh\MeshCube.cpp" />
    <ClCompile Include="Mesh\MeshCollider.cpp" />
    <ClCompile Include="Environment\Sky.cpp" />
    <ClCompile Include="Environment\billboard.cpp" />
    <ClCompile Include="Environment\Rain.cpp" />
    <ClCompile Include="Environment\Snow.cpp" />
    <ClCompile Include="Mesh\MeshInstances\MeshCubeInstance.cpp" />
    <ClCompile Include="Mesh\MeshInstances\MeshSphereInstance.cpp" />
    <ClCompile Include="Mesh\MeshInstances\MeshCylinderInstance.cpp" />
    <ClCompile Include="Renders\DebugLine.cpp" />
    <ClCompile Include="Objects\Collider.cpp" />
    <ClCompile Include="Renders\Render2D.cpp" />
    <ClCompile Include="Viewer\RenderTarget.cpp" />
    <ClCompile Include="Viewer\DepthStencil.cpp" />
    <ClCompile Include="Mesh\MeshNormal.cpp" />
    <ClCompile Include="Viewer\Projector.cpp" />
    <ClCompile Include="Viewer\Fixity.cpp" />
    <ClCompile Include="Objects\Shadow.cpp" />
    <ClCompile Include="Environment\PondWater.cpp" />
    <ClCompile Include="Objects\Mirror.cpp" />
    <ClCompile Include="Renders\GBuffer\GBufferData.cpp" />
    <ClCompile Include="Renders\GBuffer\DeferredDirLight.cpp" />
    <ClCompile Include="Renders\GBuffer\DeferredPointLight.cpp" />
    <ClCompile Include="Environment\TerrainLOD.cpp" />
    <ClCompile Include="Viewer\Frustum.cpp" />
    <ClCompile Include="Renders\Buffers.cpp" />
    <ClCompile Include="ScreenSpaceEffects\SSAO.cpp" />
    <ClCompile Include="Environment\Sky\Atmosphere.cpp" />
    <ClCompile Include="Environment\Sky\Cloud.cpp" />
    <ClCompile Include="Environment\Sky\Moon.cpp" />
    <ClCompile Include="Environment\Sky\Scattering.cpp" />
    <ClCompile Include="ScreenSpaceEffects\SSLR.cpp" />
    <ClCompile Include="PostEffects\PreFilter.cpp" />
    <ClCompile Include="Environment\Fog.cpp" />
    <ClCompile Include="ScreenSpaceEffects\SSReflection.cpp" />
    <ClCompile Include="Environment\Ocean\OceanRenderer.cpp" />
    <ClCompile Include="Environment\Ocean\OceanSimulator.cpp" />
    <ClCompile Include="CS\OceanFFT.cpp" />
    <ClCompile Include="PostEffects\HDR.cpp" />
    <ClCompile Include="Objects\LightObjects.cpp" />
    <ClCompile Include="Renders\GBuffer\DeferredSpotLight.cpp" />
    <ClCompile Include="Assets\Assets.cpp" />
    <ClCompile Include="Systems\ImGuizmo.cpp" />
    <ClCompile Include="Systems\Thread.cpp" />
    <ClCompile Include="Actor\Actor.cpp" />
    <ClCompile Include="Model\Model.cpp" />
    <ClCompile Include="Model\ModelClip.cpp" />
    <ClCompile Include="Model\ModelMesh.cpp" />
    <ClCompile Include="Particle\ParticleSimulation.cpp" />
    <ClCompile Include="Actor\PreviewRender.cpp" />
    <ClCompile Include="Actor\Renderables\Renderable.cpp" />
    <ClCompile Include="Actor\Renderables\SkeletalMesh.cpp" />
    <ClCompile Include="Actor\Renderables\StaticMesh.cpp" />
    <ClCompile Include="Actor\Components\ActorCamera.cpp" />
    <ClCompile Include="Actor\Components\ActorCollider.cpp" />
    <ClCompile Include="Actor\Components\ActorLight.cpp" />
    <ClCompile Include="Actor\Components\Animator.cpp" />
    <ClCompile Include="Actor\Components\Component.cpp" />
    <ClCompile Include="EventSystems\ColliderSystem.cpp" />
    <ClCompile Include="EventSystems\EventSystem.cpp" />
    <ClCompile Include="EventSystems\EffectSystem.cpp" />
    <ClCompile Include="GameEffects\GunFire.cpp" />
    <ClCompile Include="Actor\SharedData.cpp" />
    <ClCompile Include="Actor\Components\ActorAi.cpp" />
    <ClCompile Include="Algorithm\LinkedList.cpp" />
    <ClCompile Include="ImGui\Blueprints\Blueprints.cpp" />
    <ClCompile Include="ImGui\NodeEditor\Source\crude_json.cpp" />
    <ClCompile Include="ImGui\NodeEditor\Source\imgui_canvas.cpp" />
    <ClCompile Include="ImGui\NodeEditor\Source\imgui_node_editor.cpp" />
    <ClCompile Include="ImGui\NodeEditor\Source\imgui_node_editor_api.cpp" />
    <ClCompile Include="ImGui\Source\imgui.cpp" />
    <ClCompile Include="ImGui\Source\imgui_demo.cpp" />
    <ClCompile Include="ImGui\Source\imgui_draw.cpp" />
    <ClCompile Include="ImGui\Source\imgui_widgets.cpp" />
    <ClCompile Include="ImGui\Blueprints\ax\Builders.cpp" />
    <ClCompile Include="ImGui\Blueprints\ax\Drawing.cpp" />
    <ClCompile Include="ImGui\Blueprints\ax\Widgets.cpp" />
    <ClCompile Include="ImGui\imgui_impl_dx11.cpp" />
    <ClCompile Include="ImGui\imgui_impl_win32.cpp" />
    <ClCompile Include="BehaviorTree\Behavior.cpp" />
    <ClCompile Include="BehaviorTree\BehaviorTree.cpp" />
    <ClCompile Include="ProgressBar\ProgressBar.cpp" />
    <ClCompile Include="Environment\Island11.cpp" />
  </ItemGroup>
  <ItemGroup>
    <Filter Include="Renders">
      <UniqueIdentifier>{d5c6e8fc-cec2-4e28-b887-360c42f12e95}</UniqueIdentifier>
    </Filter>
    <Filter Include="Systems">
      <UniqueIdentifier>{8ab1a98f-0e44-4d87-914d-e79f53d78f29}</UniqueIdentifier>
    </Filter>
    <Filter Include="Utilities">
      <UniqueIdentifier>{6dcbccd0-d1f2-4864-9532-2caff6ba0a53}</UniqueIdentifier>
    </Filter>
    <Filter Include="Viewer">
      <UniqueIdentifier>{10a43c4d-ea38-42f3-bad6-f7d4524175fd}</UniqueIdentifier>
    </Filter>
  </ItemGroup>
  <ItemGroup>
    <ClInclude Include="Renders\Shader.h">
      <Filter>Renders</Filter>
    </ClInclude>
    <ClInclude Include="Renders\Texture.h">
      <Filter>Renders</Filter>
    </ClInclude>
    <ClInclude Include="Renders\VertexLayouts.h">
      <Filter>Renders</Filter>
    </ClInclude>
    <ClInclude Include="Renders\Context.h">
      <Filter>Renders</Filter>
    </ClInclude>
    <ClInclude Include="Systems\Mouse.h">
      <Filter>Systems</Filter>
    </ClInclude>
    <ClInclude Include="Systems\Time.h">
      <Filter>Systems</Filter>
    </ClInclude>
    <ClInclude Include="Systems\Window.h">
      <Filter>Systems</Filter>
    </ClInclude>
    <ClInclude Include="Systems\D3D.h">
      <Filter>Systems</Filter>
    </ClInclude>
    <ClInclude Include="Systems\Gui.h">
      <Filter>Systems</Filter>
    </ClInclude>
    <ClInclude Include="Systems\IExecute.h">
      <Filter>Systems</Filter>
    </ClInclude>
    <ClInclude Include="Systems\Keyboard.h">
      <Filter>Systems</Filter>
    </ClInclude>
    <ClInclude Include="Utilities\String.h">
      <Filter>Utilities</Filter>
    </ClInclude>
    <ClInclude Include="Utilities\Xml.h">
      <Filter>Utilities</Filter>
    </ClInclude>
    <ClInclude Include="Utilities\BinaryFile.h">
      <Filter>Utilities</Filter>
    </ClInclude>
    <ClInclude Include="Utilities\Math.h">
      <Filter>Utilities</Filter>
    </ClInclude>
    <ClInclude Include="Utilities\Path.h">
      <Filter>Utilities</Filter>
    </ClInclude>
    <ClInclude Include="Viewer\Orthographic.h">
      <Filter>Viewer</Filter>
    </ClInclude>
    <ClInclude Include="Viewer\Perspective.h">
      <Filter>Viewer</Filter>
    </ClInclude>
    <ClInclude Include="Viewer\Projection.h">
      <Filter>Viewer</Filter>
    </ClInclude>
    <ClInclude Include="Viewer\Viewport.h">
      <Filter>Viewer</Filter>
    </ClInclude>
    <ClInclude Include="Framework.h" />
    <ClInclude Include="Viewer\Camera.h">
      <Filter>Viewer</Filter>
    </ClInclude>
    <ClInclude Include="Viewer\Freedom.h">
      <Filter>Viewer</Filter>
    </ClInclude>
    <ClInclude Include="Viewer\Orbit.h" />
    <ClInclude Include="Mesh\Mesh.h" />
    <ClInclude Include="Mesh\MeshQuad.h" />
    <ClInclude Include="Mesh\MeshGrid.h" />
    <ClInclude Include="Mesh\MeshCube.h" />
    <ClInclude Include="Mesh\MeshCylinder.h" />
    <ClInclude Include="Mesh\MeshSphere.h" />
    <ClInclude Include="Renders\PerFrame.h" />
    <ClInclude Include="Renders\Transform.h" />
    <ClInclude Include="Renders\Renderer.h" />
    <ClInclude Include="Renders\Material.h" />
    <ClInclude Include="Mesh\MeshCollider.h" />
    <ClInclude Include="Environment\Sky.h" />
    <ClInclude Include="Environment\billboard.h" />
    <ClInclude Include="Environment\Rain.h" />
    <ClInclude Include="Environment\Snow.h" />
    <ClInclude Include="Mesh\MeshInstances\MeshCubeInstance.h" />
    <ClInclude Include="Mesh\MeshInstances\MeshSphereInstance.h" />
    <ClInclude Include="Mesh\MeshInstances\MeshCylinderInstance.h" />
    <ClInclude Include="Renders\DebugLine.h" />
    <ClInclude Include="Objects\Collider.h" />
    <ClInclude Include="Utilities\Debug.h" />
    <ClInclude Include="Renders\Render2D.h" />
    <ClInclude Include="Viewer\RenderTarget.h" />
    <ClInclude Include="Viewer\DepthStencil.h" />
    <ClInclude Include="Mesh\MeshNormal.h" />
    <ClInclude Include="Viewer\Projector.h" />
    <ClInclude Include="Viewer\Fixity.h" />
    <ClInclude Include="Objects\Shadow.h" />
    <ClInclude Include="Environment\PondWater.h" />
    <ClInclude Include="Objects\Mirror.h" />
    <ClInclude Include="Renders\GBuffer\GBufferData.h" />
    <ClInclude Include="Renders\GBuffer\DeferredDirLight.h" />
    <ClInclude Include="Renders\GBuffer\DeferredPointLight.h" />
    <ClInclude Include="Environment\TerrainLOD.h" />
    <ClInclude Include="Viewer\Frustum.h" />
    <ClInclude Include="Renders\Buffers.h" />
    <ClInclude Include="ScreenSpaceEffects\SSAO.h" />
    <ClInclude Include="Environment\Sky\Atmosphere.h" />
    <ClInclude Include="Environment\Sky\Cloud.h" />
    <ClInclude Include="Environment\Sky\Moon.h" />
    <ClInclude Include="Environment\Sky\Scattering.h" />
    <ClInclude Include="ScreenSpaceEffects\SSLR.h" />
    <ClInclude Include="PostEffects\PreFilter.h" />
    <ClInclude Include="Environment\Fog.h" />
    <ClInclude Include="ScreenSpaceEffects\SSReflection.h" />
    <ClInclude Include="Environment\Ocean\OceanRenderer.h" />
    <ClInclude Include="Environment\Ocean\OceanSimulator.h" />
    <ClInclude Include="CS\OceanFFT.h" />
    <ClInclude Include="PostEffects\HDR.h" />
    <ClInclude Include="Objects\LightObjects.h" />
    <ClInclude Include="Renders\GBuffer\DeferredSpotLight.h" />
    <ClInclude Include="Assets\Assets.h" />
    <ClInclude Include="Systems\ImGuizmo.h" />
    <ClInclude Include="Systems\Thread.h" />
    <ClInclude Include="Actor\Actor.h" />
    <ClInclude Include="Model\Model.h" />
    <ClInclude Include="Model\ModelClip.h" />
    <ClInclude Include="Model\ModelMesh.h" />
    <ClInclude Include="Particle\ParticleSimulation.h" />
    <ClInclude Include="Actor\PreviewRender.h" />
    <ClInclude Include="Actor\Renderables\Renderable.h" />
    <ClInclude Include="Actor\Renderables\SkeletalMesh.h" />
    <ClInclude Include="Actor\Renderables\StaticMesh.h" />
    <ClInclude Include="Actor\Components\ActorCamera.h" />
    <ClInclude Include="Actor\Components\ActorCollider.h" />
    <ClInclude Include="Actor\Components\ActorLight.h" />
    <ClInclude Include="Actor\Components\Animator.h" />
    <ClInclude Include="Actor\Components\Component.h" />
    <ClInclude Include="EventSystems\ColliderSystem.h" />
    <ClInclude Include="EventSystems\EventSystem.h" />
    <ClInclude Include="EventSystems\EffectSystem.h" />
    <ClInclude Include="GameEffects\Effect.h" />
    <ClInclude Include="GameEffects\GunFire.h" />
    <ClInclude Include="Actor\SharedData.h" />
    <ClInclude Include="Actor\Components\ActorAi.h" />
    <ClInclude Include="Algorithm\LinkedList.h" />
    <ClInclude Include="ImGui\NodeEditor\Include\imgui_node_editor.h" />
    <ClInclude Include="ImGui\NodeEditor\Source\crude_json.h" />
    <ClInclude Include="ImGui\NodeEditor\Source\imgui_bezier_math.h" />
    <ClInclude Include="ImGui\NodeEditor\Source\imgui_canvas.h" />
    <ClInclude Include="ImGui\NodeEditor\Source\imgui_extra_math.h" />
    <ClInclude Include="ImGui\NodeEditor\Source\imgui_node_editor_internal.h" />
    <ClInclude Include="ImGui\Source\imconfig.h" />
    <ClInclude Include="ImGui\Source\imgui.h" />
    <ClInclude Include="ImGui\Source\imgui_internal.h" />
    <ClInclude Include="ImGui\Source\imstb_rectpack.h" />
    <ClInclude Include="ImGui\Source\imstb_textedit.h" />
    <ClInclude Include="ImGui\Source\imstb_truetype.h" />
    <ClInclude Include="ImGui\stb_image.h" />
    <ClInclude Include="ImGui\Blueprints\ax\Builders.h" />
    <ClInclude Include="ImGui\Blueprints\ax\Drawing.h" />
    <ClInclude Include="ImGui\Blueprints\ax\Math2D.h" />
    <ClInclude Include="ImGui\Blueprints\ax\Widgets.h" />
    <ClInclude Include="ImGui\Blueprints\Blueprints.h" />
    <ClInclude Include="ImGui\Blueprints\ax\Interop.h" />
    <ClInclude Include="ImGui\imgui_impl_dx11.h" />
    <ClInclude Include="ImGui\imgui_impl_win32.h" />
    <ClInclude Include="BehaviorTree\Behavior.h" />
    <ClInclude Include="BehaviorTree\BehaviorTree.h" />
    <ClInclude Include="ProgressBar\ProgressBar.h" />
    <ClInclude Include="ProgressBar\ProgressReport.h" />
    <ClInclude Include="Environment\Island11.h" />
  </ItemGroup>
  <ItemGroup>
    <None Include="ImGui\NodeEditor\Source\imgui_bezier_math.inl" />
    <None Include="ImGui\NodeEditor\Source\imgui_extra_math.inl" />
    <None Include="ImGui\NodeEditor\Source\imgui_node_editor_internal.inl" />
    <None Include="ImGui\Blueprints\ax\Math2D.inl" />
  </ItemGroup>
</Project>